
Microsoft Visual Studio Solution File, Format Version 12.00
# Visual Studio Version 17
VisualStudioVersion = 17.0.32014.148
MinimumVisualStudioVersion = 10.0.40219.1
Project("{9A19103F-16F7-4668-BE54-9A1E7A4F7556}") = "ConnectorDLUBAL", "Connector\ConnectorDLUBAL.csproj", "{A50A49D2-09DF-4BFD-925A-6874B4503869}"
	ProjectSection(ProjectDependencies) = postProject
		{3EA69E7F-E0F3-4E42-850E-78677B2DBE64} = {3EA69E7F-E0F3-4E42-850E-78677B2DBE64}
		{298DC9A5-AB0F-4CC3-9049-774BBA088A58} = {298DC9A5-AB0F-4CC3-9049-774BBA088A58}
	EndProjectSection
EndProject
Project("{9A19103F-16F7-4668-BE54-9A1E7A4F7556}") = "DlubalWSHandler", "..\DlubalWSHandler\DlubalWSHandler\DlubalWSHandler.csproj", "{3EA69E7F-E0F3-4E42-850E-78677B2DBE64}"
EndProject
Project("{FAE04EC0-301F-11D3-BF4B-00C04F79EFBC}") = "ConverterDlubal", "ConverterDlubal\ConverterDlubal.csproj", "{298DC9A5-AB0F-4CC3-9049-774BBA088A58}"
EndProject
Global
	GlobalSection(SolutionConfigurationPlatforms) = preSolution
		Debug|Any CPU = Debug|Any CPU
		Release|Any CPU = Release|Any CPU
	EndGlobalSection
	GlobalSection(ProjectConfigurationPlatforms) = postSolution
		{A50A49D2-09DF-4BFD-925A-6874B4503869}.Debug|Any CPU.ActiveCfg = Debug|Any CPU
		{A50A49D2-09DF-4BFD-925A-6874B4503869}.Debug|Any CPU.Build.0 = Debug|Any CPU
		{A50A49D2-09DF-4BFD-925A-6874B4503869}.Release|Any CPU.ActiveCfg = Release|Any CPU
		{A50A49D2-09DF-4BFD-925A-6874B4503869}.Release|Any CPU.Build.0 = Release|Any CPU
		{3EA69E7F-E0F3-4E42-850E-78677B2DBE64}.Debug|Any CPU.ActiveCfg = Debug|Any CPU
		{3EA69E7F-E0F3-4E42-850E-78677B2DBE64}.Debug|Any CPU.Build.0 = Debug|Any CPU
		{3EA69E7F-E0F3-4E42-850E-78677B2DBE64}.Release|Any CPU.ActiveCfg = Release|Any CPU
		{3EA69E7F-E0F3-4E42-850E-78677B2DBE64}.Release|Any CPU.Build.0 = Release|Any CPU
		{298DC9A5-AB0F-4CC3-9049-774BBA088A58}.Debug|Any CPU.ActiveCfg = Debug|Any CPU
		{298DC9A5-AB0F-4CC3-9049-774BBA088A58}.Debug|Any CPU.Build.0 = Debug|Any CPU
		{298DC9A5-AB0F-4CC3-9049-774BBA088A58}.Release|Any CPU.ActiveCfg = Release|Any CPU
		{298DC9A5-AB0F-4CC3-9049-774BBA088A58}.Release|Any CPU.Build.0 = Release|Any CPU
	EndGlobalSection
	GlobalSection(SolutionProperties) = preSolution
		HideSolutionNode = FALSE
	EndGlobalSection
	GlobalSection(ExtensibilityGlobals) = postSolution
		SolutionGuid = {56E3A4D3-A8E1-4202-A9B1-6C9EF54E61D3}
	EndGlobalSection
EndGlobal
